
Microsoft Visual Studio Solution File, Format Version 12.00
# Visual Studio Version 17
VisualStudioVersion = 17.8.34330.188
MinimumVisualStudioVersion = 10.0.40219.1
Project("{FAE04EC0-301F-11D3-BF4B-00C04F79EFBC}") = "CQRSTest", "CQRSTest\CQRSTest.csproj", "{C76176BB-2B04-40DF-AE25-158AFC6C441E}"
EndProject
Global
	GlobalSection(SolutionConfigurationPlatforms) = preSolution
		Debug|Any CPU = Debug|Any CPU
		Release|Any CPU = Release|Any CPU
	EndGlobalSection
	GlobalSection(ProjectConfigurationPlatforms) = postSolution
		{C76176BB-2B04-40DF-AE25-158AFC6C441E}.Debug|Any CPU.ActiveCfg = Debug|Any CPU
		{C76176BB-2B04-40DF-AE25-158AFC6C441E}.Debug|Any CPU.Build.0 = Debug|Any CPU
		{C76176BB-2B04-40DF-AE25-158AFC6C441E}.Release|Any CPU.ActiveCfg = Release|Any CPU
		{C76176BB-2B04-40DF-AE25-158AFC6C441E}.Release|Any CPU.Build.0 = Release|Any CPU
	EndGlobalSection
	GlobalSection(SolutionProperties) = preSolution
		HideSolutionNode = FALSE
	EndGlobalSection
	GlobalSection(ExtensibilityGlobals) = postSolution
		SolutionGuid = {23A98D49-4E90-4DB4-8212-F514B5659C87}
	EndGlobalSection
EndGlobal
